Microsoft Visual Studio Solution File, Format Version 12.00
# Visual Studio Version 16
VisualStudioVersion = 16.0.28503.202
MinimumVisualStudioVersion = 10.0.40219.1
Project("{2150E333-8FDC-42A3-9474-1A3956D46DE8}") = "Core", "Core", "{A41D1B99-F489-4C43-BBDF-96D61B19A6B9}"
EndProject
Project("{2150E333-8FDC-42A3-9474-1A3956D46DE8}") = "Compilers", "Compilers", "{3F40F71B-7DCF-44A1-B15C-38CA34824143}"
EndProject
Project("{2150E333-8FDC-42A3-9474-1A3956D46DE8}") = "CSharp", "CSharp", "{32A48625-F0AD-419D-828B-A50BDABA38EA}"
EndProject
Project("{2150E333-8FDC-42A3-9474-1A3956D46DE8}") = "Tools", "Tools", "{FD0FAF5F-1DED-485C-99FA-84B97F3A8EEC}"
EndProject
Project("{2150E333-8FDC-42A3-9474-1A3956D46DE8}") = "Server", "Server", "{7E907718-0B33-45C8-851F-396CEFDC1AB6}"
EndProject
Project("{2150E333-8FDC-42A3-9474-1A3956D46DE8}") = "Test", "Test", "{CAD2965A-19AB-489F-BE2E-7649957F914A}"
EndProject
Project("{2150E333-8FDC-42A3-9474-1A3956D46DE8}") = "Dependencies", "Dependencies", "{C2D1346B-9665-4150-B644-075CF1636BAA}"
EndProject
Project("{2150E333-8FDC-42A3-9474-1A3956D46DE8}") = "Perf", "Perf", "{DD13507E-D5AF-4B61-B11A-D55D6F4A73A5}"
	ProjectSection(SolutionItems) = preProject
		src\Test\Perf\readme.md = src\Test\Perf\readme.md
	EndProjectSection
EndProject
Project("{9A19103F-16F7-4668-BE54-9A1E7A4F7556}") = "Microsoft.CodeAnalysis.UnitTests", "src\Compilers\Core\CodeAnalysisTest\Microsoft.CodeAnalysis.UnitTests.csproj", "{A4C99B85-765C-4C65-9C2A-BB609AAB09E6}"
EndProject
Project("{9A19103F-16F7-4668-BE54-9A1E7A4F7556}") = "Microsoft.CodeAnalysis", "src\Compilers\Core\Portable\Microsoft.CodeAnalysis.csproj", "{1EE8CAD3-55F9-4D91-96B2-084641DA9A6C}"
EndProject
Project("{9A19103F-16F7-4668-BE54-9A1E7A4F7556}") = "VBCSCompiler", "src\Compilers\Server\VBCSCompiler\VBCSCompiler.csproj", "{9508F118-F62E-4C16-A6F4-7C3B56E166AD}"
EndProject
Project("{9A19103F-16F7-4668-BE54-9A1E7A4F7556}") = "csc", "src\Compilers\CSharp\csc\csc.csproj", "{4B45CA0C-03A0-400F-B454-3D4BCB16AF38}"
EndProject
Project("{9A19103F-16F7-4668-BE54-9A1E7A4F7556}") = "Microsoft.CodeAnalysis.CSharp", "src\Compilers\CSharp\Portable\Microsoft.CodeAnalysis.CSharp.csproj", "{B501A547-C911-4A05-AC6E-274A50DFF30E}"
EndProject
Project("{9A19103F-16F7-4668-BE54-9A1E7A4F7556}") = "Microsoft.CodeAnalysis.CSharp.CommandLine.UnitTests", "src\Compilers\CSharp\Test\CommandLine\Microsoft.CodeAnalysis.CSharp.CommandLine.UnitTests.csproj", "{50D26304-0961-4A51-ABF6-6CAD1A56D203}"
EndProject
Project("{9A19103F-16F7-4668-BE54-9A1E7A4F7556}") = "Microsoft.CodeAnalysis.CSharp.Emit.UnitTests", "src\Compilers\CSharp\Test\Emit\Microsoft.CodeAnalysis.CSharp.Emit.UnitTests.csproj", "{4462B57A-7245-4146-B504-D46FDE762948}"
EndProject
Project("{9A19103F-16F7-4668-BE54-9A1E7A4F7556}") = "Microsoft.CodeAnalysis.CSharp.IOperation.UnitTests", "src\Compilers\CSharp\Test\IOperation\Microsoft.CodeAnalysis.CSharp.IOperation.UnitTests.csproj", "{1AF3672A-C5F1-4604-B6AB-D98C4DE9C3B1}"
EndProject
Project("{9A19103F-16F7-4668-BE54-9A1E7A4F7556}") = "Microsoft.CodeAnalysis.CSharp.Semantic.UnitTests", "src\Compilers\CSharp\Test\Semantic\Microsoft.CodeAnalysis.CSharp.Semantic.UnitTests.csproj", "{B2C33A93-DB30-4099-903E-77D75C4C3F45}"
EndProject
Project("{9A19103F-16F7-4668-BE54-9A1E7A4F7556}") = "Microsoft.CodeAnalysis.CSharp.Symbol.UnitTests", "src\Compilers\CSharp\Test\Symbol\Microsoft.CodeAnalysis.CSharp.Symbol.UnitTests.csproj", "{28026D16-EB0C-40B0-BDA7-11CAA2B97CCC}"
EndProject
Project("{9A19103F-16F7-4668-BE54-9A1E7A4F7556}") = "Microsoft.CodeAnalysis.CSharp.Syntax.UnitTests", "src\Compilers\CSharp\Test\Syntax\Microsoft.CodeAnalysis.CSharp.Syntax.UnitTests.csproj", "{50D26304-0961-4A51-ABF6-6CAD1A56D202}"
EndProject
Project("{9A19103F-16F7-4668-BE54-9A1E7A4F7556}") = "Microsoft.CodeAnalysis.Compiler.Test.Resources", "src\Compilers\Test\Resources\Core\Microsoft.CodeAnalysis.Compiler.Test.Resources.csproj", "{7FE6B002-89D8-4298-9B1B-0B5C247DD1FD}"
EndProject
Project("{9A19103F-16F7-4668-BE54-9A1E7A4F7556}") = "Microsoft.CodeAnalysis.CSharp.Test.Utilities", "src\Compilers\Test\Utilities\CSharp\Microsoft.CodeAnalysis.CSharp.Test.Utilities.csproj", "{4371944A-D3BA-4B5B-8285-82E5FFC6D1F9}"
EndProject
Project("{9A19103F-16F7-4668-BE54-9A1E7A4F7556}") = "Roslyn.Test.PdbUtilities", "src\Test\PdbUtilities\Roslyn.Test.PdbUtilities.csproj", "{AFDE6BEA-5038-4A4A-A88E-DBD2E4088EED}"
EndProject
Project("{9A19103F-16F7-4668-BE54-9A1E7A4F7556}") = "CompilersBoundTreeGenerator", "src\Tools\Source\CompilerGeneratorTools\Source\BoundTreeGenerator\CompilersBoundTreeGenerator.csproj", "{02459936-CD2C-4F61-B671-5C518F2A3DDC}"
EndProject
Project("{9A19103F-16F7-4668-BE54-9A1E7A4F7556}") = "CSharpErrorFactsGenerator", "src\Tools\Source\CompilerGeneratorTools\Source\CSharpErrorFactsGenerator\CSharpErrorFactsGenerator.csproj", "{288089C5-8721-458E-BE3E-78990DAB5E2E}"
EndProject
Project("{9A19103F-16F7-4668-BE54-9A1E7A4F7556}") = "CSharpSyntaxGenerator", "src\Tools\Source\CompilerGeneratorTools\Source\CSharpSyntaxGenerator\CSharpSyntaxGenerator.csproj", "{288089C5-8721-458E-BE3E-78990DAB5E2D}"
EndProject
Project("{9A19103F-16F7-4668-BE54-9A1E7A4F7556}") = "RunTests", "src\Tools\Source\RunTests\RunTests.csproj", "{1A3941F1-1E1F-4EF7-8064-7729C4C2E2AA}"
EndProject
Project("{D954291E-2A0B-460D-934E-DC6B0785DB48}") = "AnalyzerDriver", "src\Compilers\Core\AnalyzerDriver\AnalyzerDriver.shproj", "{D0BC9BE7-24F6-40CA-8DC6-FCB93BD44B34}"
EndProject
Project("{9A19103F-16F7-4668-BE54-9A1E7A4F7556}") = "Microsoft.CodeAnalysis.CSharp.WinRT.UnitTests", "src\Compilers\CSharp\Test\WinRT\Microsoft.CodeAnalysis.CSharp.WinRT.UnitTests.csproj", "{FCFA8808-A1B6-48CC-A1EA-0B8CA8AEDA8E}"
EndProject
Project("{9A19103F-16F7-4668-BE54-9A1E7A4F7556}") = "Microsoft.Build.Tasks.CodeAnalysis.UnitTests", "src\Compilers\Core\MSBuildTaskTests\Microsoft.Build.Tasks.CodeAnalysis.UnitTests.csproj", "{1DFEA9C5-973C-4179-9B1B-0F32288E1EF2}"
EndProject
Project("{9A19103F-16F7-4668-BE54-9A1E7A4F7556}") = "Roslyn.Test.Utilities", "src\Test\Utilities\Portable\Roslyn.Test.Utilities.csproj", "{CCBD3438-3E84-40A9-83AD-533F23BCFCA5}"
EndProject
Project("{D954291E-2A0B-460D-934E-DC6B0785DB48}") = "CSharpAnalyzerDriver", "src\Compilers\CSharp\CSharpAnalyzerDriver\CSharpAnalyzerDriver.shproj", "{54E08BF5-F819-404F-A18D-0AB9EA81EA04}"
EndProject
Project("{D954291E-2A0B-460D-934E-DC6B0785DB48}") = "CommandLine", "src\Compilers\Core\CommandLine\CommandLine.shproj", "{AD6F474E-E6D4-4217-91F3-B7AF1BE31CCC}"
EndProject
Project("{9A19103F-16F7-4668-BE54-9A1E7A4F7556}") = "Roslyn.Compilers.Extension", "src\Compilers\Extension\Roslyn.Compilers.Extension.csproj", "{43026D51-3083-4850-928D-07E1883D5B1A}"
EndProject
Project("{9A19103F-16F7-4668-BE54-9A1E7A4F7556}") = "Roslyn.PerformanceTests", "src\Test\Perf\tests\Roslyn.PerformanceTests.csproj", "{DA0D2A70-A2F9-4654-A99A-3227EDF54FF1}"
EndProject
Project("{9A19103F-16F7-4668-BE54-9A1E7A4F7556}") = "Roslyn.Test.Performance.Utilities", "src\Test\Perf\Utilities\Roslyn.Test.Performance.Utilities.csproj", "{59AD474E-2A35-4E8A-A74D-E33479977FBF}"
EndProject
Project("{D954291E-2A0B-460D-934E-DC6B0785DB48}") = "Microsoft.CodeAnalysis.Debugging", "src\Dependencies\CodeAnalysis.Debugging\Microsoft.CodeAnalysis.Debugging.shproj", "{D73ADF7D-2C1C-42AE-B2AB-EDC9497E4B71}"
EndProject
Project("{D954291E-2A0B-460D-934E-DC6B0785DB48}") = "Microsoft.CodeAnalysis.PooledObjects", "src\Dependencies\PooledObjects\Microsoft.CodeAnalysis.PooledObjects.shproj", "{C1930979-C824-496B-A630-70F5369A636F}"
EndProject
Project("{9A19103F-16F7-4668-BE54-9A1E7A4F7556}") = "Microsoft.Build.Tasks.CodeAnalysis", "src\Compilers\Core\MSBuildTask\Microsoft.Build.Tasks.CodeAnalysis.csproj", "{7AD4FE65-9A30-41A6-8004-AA8F89BCB7F3}"
EndProject
Project("{9A19103F-16F7-4668-BE54-9A1E7A4F7556}") = "BuildBoss", "src\Tools\BuildBoss\BuildBoss.csproj", "{9C0660D9-48CA-40E1-BABA-8F6A1F11FE10}"
EndProject
Project("{9A19103F-16F7-4668-BE54-9A1E7A4F7556}") = "StackDepthTest", "src\Test\Perf\StackDepthTest\StackDepthTest.csproj", "{F040CEC5-5E11-4DBD-9F6A-250478E28177}"
EndProject
Project("{9A19103F-16F7-4668-BE54-9A1E7A4F7556}") = "RoslynPublish", "src\Tools\RoslynPublish\RoslynPublish.csproj", "{2D36C343-BB6A-4CB5-902B-E2145ACCB58F}"
EndProject
Project("{9A19103F-16F7-4668-BE54-9A1E7A4F7556}") = "Microsoft.CodeAnalysis.Debugging.Package", "src\Dependencies\CodeAnalysis.Debugging\Microsoft.CodeAnalysis.Debugging.Package.csproj", "{FC2AE90B-2E4B-4045-9FDD-73D4F5ED6C89}"
EndProject
Project("{9A19103F-16F7-4668-BE54-9A1E7A4F7556}") = "Microsoft.CodeAnalysis.PooledObjects.Package", "src\Dependencies\PooledObjects\Microsoft.CodeAnalysis.PooledObjects.Package.csproj", "{49E7C367-181B-499C-AC2E-8E17C81418D6}"
EndProject
Project("{9A19103F-16F7-4668-BE54-9A1E7A4F7556}") = "CompilerBenchmarks", "src\Tools\CompilerBenchmarks\CompilerBenchmarks.csproj", "{9860FCF7-3111-4C12-A16F-ACEBA42D930F}"
EndProject
Project("{9A19103F-16F7-4668-BE54-9A1E7A4F7556}") = "Microsoft.Net.Compilers.Package", "src\NuGet\Microsoft.Net.Compilers\Microsoft.Net.Compilers.Package.csproj", "{9102ECF3-5CD1-4107-B8B7-F3795A52D790}"
EndProject
Project("{9A19103F-16F7-4668-BE54-9A1E7A4F7556}") = "Microsoft.NETCore.Compilers.Package", "src\NuGet\Microsoft.NETCore.Compilers\Microsoft.NETCore.Compilers.Package.csproj", "{50CF5D8F-F82F-4210-A06E-37CC9BFFDD49}"
EndProject
Project("{9A19103F-16F7-4668-BE54-9A1E7A4F7556}") = "Microsoft.CodeAnalysis.Compilers.Package", "src\NuGet\Microsoft.CodeAnalysis.Compilers.Package.csproj", "{CFA94A39-4805-456D-A369-FC35CCC170E9}"
EndProject
Project("{2150E333-8FDC-42A3-9474-1A3956D46DE8}") = "Packages", "Packages", "{C52D8057-43AF-40E6-A01B-6CDBB7301985}"
EndProject
Project("{9A19103F-16F7-4668-BE54-9A1E7A4F7556}") = "Microsoft.CodeAnalysis.Package", "src\NuGet\Microsoft.CodeAnalysis.Package.csproj", "{B9843F65-262E-4F40-A0BC-2CBEF7563A44}"
EndProject
Project("{9A19103F-16F7-4668-BE54-9A1E7A4F7556}") = "Microsoft.Net.Compilers.Toolset.Package", "src\NuGet\Microsoft.Net.Compilers.Toolset\Microsoft.Net.Compilers.Toolset.Package.csproj", "{A74C7D2E-92FA-490A-B80A-28BEF56B56FC}"
EndProject
Project("{2150E333-8FDC-42A3-9474-1A3956D46DE8}") = "Solution Items", "Solution Items", "{157EA250-2F28-4948-A8F2-D58EAEA05DC8}"
	ProjectSection(SolutionItems) = preProject
		.editorconfig = .editorconfig
		.vsconfig = .vsconfig
	EndProjectSection
EndProject
Project("{9A19103F-16F7-4668-BE54-9A1E7A4F7556}") = "CompilersIOperationGenerator", "src\Tools\Source\CompilerGeneratorTools\Source\IOperationGenerator\CompilersIOperationGenerator.csproj", "{D55FB2BD-CC9E-454B-9654-94AF5D910BF7}"
EndProject
Global
	GlobalSection(SharedMSBuildProjectFiles) = preSolution
		src\Compilers\Core\CommandLine\CommandLine.projitems*{4b45ca0c-03a0-400f-b454-3d4bcb16af38}*SharedItemsImports = 4
		src\Compilers\CSharp\CSharpAnalyzerDriver\CSharpAnalyzerDriver.projitems*{54e08bf5-f819-404f-a18d-0ab9ea81ea04}*SharedItemsImports = 13
		src\Compilers\Core\CommandLine\CommandLine.projitems*{9508f118-f62e-4c16-a6f4-7c3b56e166ad}*SharedItemsImports = 4
		src\Compilers\Server\ServerShared\ServerShared.projitems*{9508f118-f62e-4c16-a6f4-7c3b56e166ad}*SharedItemsImports = 4
		src\Compilers\Core\CommandLine\CommandLine.projitems*{ad6f474e-e6d4-4217-91f3-b7af1be31ccc}*SharedItemsImports = 13
		src\Dependencies\PooledObjects\Microsoft.CodeAnalysis.PooledObjects.projitems*{c1930979-c824-496b-a630-70f5369a636f}*SharedItemsImports = 13
		src\Compilers\Core\AnalyzerDriver\AnalyzerDriver.projitems*{d0bc9be7-24f6-40ca-8dc6-fcb93bd44b34}*SharedItemsImports = 13
		src\Dependencies\CodeAnalysis.Debugging\Microsoft.CodeAnalysis.Debugging.projitems*{d73adf7d-2c1c-42ae-b2ab-edc9497e4b71}*SharedItemsImports = 13
	EndGlobalSection
	GlobalSection(SolutionConfigurationPlatforms) = preSolution
		Debug|Any CPU = Debug|Any CPU
		Release|Any CPU = Release|Any CPU
	EndGlobalSection
	GlobalSection(ProjectConfigurationPlatforms) = postSolution
		{A4C99B85-765C-4C65-9C2A-BB609AAB09E6}.Debug|Any CPU.ActiveCfg = Debug|Any CPU
		{A4C99B85-765C-4C65-9C2A-BB609AAB09E6}.Debug|Any CPU.Build.0 = Debug|Any CPU
		{A4C99B85-765C-4C65-9C2A-BB609AAB09E6}.Release|Any CPU.ActiveCfg = Release|Any CPU
		{A4C99B85-765C-4C65-9C2A-BB609AAB09E6}.Release|Any CPU.Build.0 = Release|Any CPU
		{1EE8CAD3-55F9-4D91-96B2-084641DA9A6C}.Debug|Any CPU.ActiveCfg = Debug|Any CPU
		{1EE8CAD3-55F9-4D91-96B2-084641DA9A6C}.Debug|Any CPU.Build.0 = Debug|Any CPU
		{1EE8CAD3-55F9-4D91-96B2-084641DA9A6C}.Release|Any CPU.ActiveCfg = Release|Any CPU
		{1EE8CAD3-55F9-4D91-96B2-084641DA9A6C}.Release|Any CPU.Build.0 = Release|Any CPU
		{9508F118-F62E-4C16-A6F4-7C3B56E166AD}.Debug|Any CPU.ActiveCfg = Debug|Any CPU
		{9508F118-F62E-4C16-A6F4-7C3B56E166AD}.Debug|Any CPU.Build.0 = Debug|Any CPU
		{9508F118-F62E-4C16-A6F4-7C3B56E166AD}.Release|Any CPU.ActiveCfg = Release|Any CPU
		{9508F118-F62E-4C16-A6F4-7C3B56E166AD}.Release|Any CPU.Build.0 = Release|Any CPU
		{4B45CA0C-03A0-400F-B454-3D4BCB16AF38}.Debug|Any CPU.ActiveCfg = Debug|Any CPU
		{4B45CA0C-03A0-400F-B454-3D4BCB16AF38}.Debug|Any CPU.Build.0 = Debug|Any CPU
		{4B45CA0C-03A0-400F-B454-3D4BCB16AF38}.Release|Any CPU.ActiveCfg = Release|Any CPU
		{4B45CA0C-03A0-400F-B454-3D4BCB16AF38}.Release|Any CPU.Build.0 = Release|Any CPU
		{B501A547-C911-4A05-AC6E-274A50DFF30E}.Debug|Any CPU.ActiveCfg = Debug|Any CPU
		{B501A547-C911-4A05-AC6E-274A50DFF30E}.Debug|Any CPU.Build.0 = Debug|Any CPU
		{B501A547-C911-4A05-AC6E-274A50DFF30E}.Release|Any CPU.ActiveCfg = Release|Any CPU
		{B501A547-C911-4A05-AC6E-274A50DFF30E}.Release|Any CPU.Build.0 = Release|Any CPU
		{50D26304-0961-4A51-ABF6-6CAD1A56D203}.Debug|Any CPU.ActiveCfg = Debug|Any CPU
		{50D26304-0961-4A51-ABF6-6CAD1A56D203}.Debug|Any CPU.Build.0 = Debug|Any CPU
		{50D26304-0961-4A51-ABF6-6CAD1A56D203}.Release|Any CPU.ActiveCfg = Release|Any CPU
		{50D26304-0961-4A51-ABF6-6CAD1A56D203}.Release|Any CPU.Build.0 = Release|Any CPU
		{4462B57A-7245-4146-B504-D46FDE762948}.Debug|Any CPU.ActiveCfg = Debug|Any CPU
		{4462B57A-7245-4146-B504-D46FDE762948}.Debug|Any CPU.Build.0 = Debug|Any CPU
		{4462B57A-7245-4146-B504-D46FDE762948}.Release|Any CPU.ActiveCfg = Release|Any CPU
		{4462B57A-7245-4146-B504-D46FDE762948}.Release|Any CPU.Build.0 = Release|Any CPU
		{1AF3672A-C5F1-4604-B6AB-D98C4DE9C3B1}.Debug|Any CPU.ActiveCfg = Debug|Any CPU
		{1AF3672A-C5F1-4604-B6AB-D98C4DE9C3B1}.Debug|Any CPU.Build.0 = Debug|Any CPU
		{1AF3672A-C5F1-4604-B6AB-D98C4DE9C3B1}.Release|Any CPU.ActiveCfg = Release|Any CPU
		{1AF3672A-C5F1-4604-B6AB-D98C4DE9C3B1}.Release|Any CPU.Build.0 = Release|Any CPU
		{B2C33A93-DB30-4099-903E-77D75C4C3F45}.Debug|Any CPU.ActiveCfg = Debug|Any CPU
		{B2C33A93-DB30-4099-903E-77D75C4C3F45}.Debug|Any CPU.Build.0 = Debug|Any CPU
		{B2C33A93-DB30-4099-903E-77D75C4C3F45}.Release|Any CPU.ActiveCfg = Release|Any CPU
		{B2C33A93-DB30-4099-903E-77D75C4C3F45}.Release|Any CPU.Build.0 = Release|Any CPU
		{28026D16-EB0C-40B0-BDA7-11CAA2B97CCC}.Debug|Any CPU.ActiveCfg = Debug|Any CPU
		{28026D16-EB0C-40B0-BDA7-11CAA2B97CCC}.Debug|Any CPU.Build.0 = Debug|Any CPU
		{28026D16-EB0C-40B0-BDA7-11CAA2B97CCC}.Release|Any CPU.ActiveCfg = Release|Any CPU
		{28026D16-EB0C-40B0-BDA7-11CAA2B97CCC}.Release|Any CPU.Build.0 = Release|Any CPU
		{50D26304-0961-4A51-ABF6-6CAD1A56D202}.Debug|Any CPU.ActiveCfg = Debug|Any CPU
		{50D26304-0961-4A51-ABF6-6CAD1A56D202}.Debug|Any CPU.Build.0 = Debug|Any CPU
		{50D26304-0961-4A51-ABF6-6CAD1A56D202}.Release|Any CPU.ActiveCfg = Release|Any CPU
		{50D26304-0961-4A51-ABF6-6CAD1A56D202}.Release|Any CPU.Build.0 = Release|Any CPU
		{7FE6B002-89D8-4298-9B1B-0B5C247DD1FD}.Debug|Any CPU.ActiveCfg = Debug|Any CPU
		{7FE6B002-89D8-4298-9B1B-0B5C247DD1FD}.Debug|Any CPU.Build.0 = Debug|Any CPU
		{7FE6B002-89D8-4298-9B1B-0B5C247DD1FD}.Release|Any CPU.ActiveCfg = Release|Any CPU
		{7FE6B002-89D8-4298-9B1B-0B5C247DD1FD}.Release|Any CPU.Build.0 = Release|Any CPU
		{4371944A-D3BA-4B5B-8285-82E5FFC6D1F9}.Debug|Any CPU.ActiveCfg = Debug|Any CPU
		{4371944A-D3BA-4B5B-8285-82E5FFC6D1F9}.Debug|Any CPU.Build.0 = Debug|Any CPU
		{4371944A-D3BA-4B5B-8285-82E5FFC6D1F9}.Release|Any CPU.ActiveCfg = Release|Any CPU
		{4371944A-D3BA-4B5B-8285-82E5FFC6D1F9}.Release|Any CPU.Build.0 = Release|Any CPU
		{AFDE6BEA-5038-4A4A-A88E-DBD2E4088EED}.Debug|Any CPU.ActiveCfg = Debug|Any CPU
		{AFDE6BEA-5038-4A4A-A88E-DBD2E4088EED}.Debug|Any CPU.Build.0 = Debug|Any CPU
		{AFDE6BEA-5038-4A4A-A88E-DBD2E4088EED}.Release|Any CPU.ActiveCfg = Release|Any CPU
		{AFDE6BEA-5038-4A4A-A88E-DBD2E4088EED}.Release|Any CPU.Build.0 = Release|Any CPU
		{02459936-CD2C-4F61-B671-5C518F2A3DDC}.Debug|Any CPU.ActiveCfg = Debug|x64
		{02459936-CD2C-4F61-B671-5C518F2A3DDC}.Debug|Any CPU.Build.0 = Debug|x64
		{02459936-CD2C-4F61-B671-5C518F2A3DDC}.Release|Any CPU.ActiveCfg = Release|x64
		{02459936-CD2C-4F61-B671-5C518F2A3DDC}.Release|Any CPU.Build.0 = Release|x64
		{288089C5-8721-458E-BE3E-78990DAB5E2E}.Debug|Any CPU.ActiveCfg = Debug|x64
		{288089C5-8721-458E-BE3E-78990DAB5E2E}.Debug|Any CPU.Build.0 = Debug|x64
		{288089C5-8721-458E-BE3E-78990DAB5E2E}.Release|Any CPU.ActiveCfg = Release|x64
		{288089C5-8721-458E-BE3E-78990DAB5E2E}.Release|Any CPU.Build.0 = Release|x64
		{288089C5-8721-458E-BE3E-78990DAB5E2D}.Debug|Any CPU.ActiveCfg = Debug|x64
		{288089C5-8721-458E-BE3E-78990DAB5E2D}.Debug|Any CPU.Build.0 = Debug|x64
		{288089C5-8721-458E-BE3E-78990DAB5E2D}.Release|Any CPU.ActiveCfg = Release|x64
		{288089C5-8721-458E-BE3E-78990DAB5E2D}.Release|Any CPU.Build.0 = Release|x64
		{1A3941F1-1E1F-4EF7-8064-7729C4C2E2AA}.Debug|Any CPU.ActiveCfg = Debug|Any CPU
		{1A3941F1-1E1F-4EF7-8064-7729C4C2E2AA}.Debug|Any CPU.Build.0 = Debug|Any CPU
		{1A3941F1-1E1F-4EF7-8064-7729C4C2E2AA}.Release|Any CPU.ActiveCfg = Release|Any CPU
		{1A3941F1-1E1F-4EF7-8064-7729C4C2E2AA}.Release|Any CPU.Build.0 = Release|Any CPU
		{FCFA8808-A1B6-48CC-A1EA-0B8CA8AEDA8E}.Debug|Any CPU.ActiveCfg = Debug|Any CPU
		{FCFA8808-A1B6-48CC-A1EA-0B8CA8AEDA8E}.Debug|Any CPU.Build.0 = Debug|Any CPU
		{FCFA8808-A1B6-48CC-A1EA-0B8CA8AEDA8E}.Release|Any CPU.ActiveCfg = Release|Any CPU
		{FCFA8808-A1B6-48CC-A1EA-0B8CA8AEDA8E}.Release|Any CPU.Build.0 = Release|Any CPU
		{1DFEA9C5-973C-4179-9B1B-0F32288E1EF2}.Debug|Any CPU.ActiveCfg = Debug|Any CPU
		{1DFEA9C5-973C-4179-9B1B-0F32288E1EF2}.Debug|Any CPU.Build.0 = Debug|Any CPU
		{1DFEA9C5-973C-4179-9B1B-0F32288E1EF2}.Release|Any CPU.ActiveCfg = Release|Any CPU
		{1DFEA9C5-973C-4179-9B1B-0F32288E1EF2}.Release|Any CPU.Build.0 = Release|Any CPU
		{CCBD3438-3E84-40A9-83AD-533F23BCFCA5}.Debug|Any CPU.ActiveCfg = Debug|Any CPU
		{CCBD3438-3E84-40A9-83AD-533F23BCFCA5}.Debug|Any CPU.Build.0 = Debug|Any CPU
		{CCBD3438-3E84-40A9-83AD-533F23BCFCA5}.Release|Any CPU.ActiveCfg = Release|Any CPU
		{CCBD3438-3E84-40A9-83AD-533F23BCFCA5}.Release|Any CPU.Build.0 = Release|Any CPU
		{43026D51-3083-4850-928D-07E1883D5B1A}.Debug|Any CPU.ActiveCfg = Debug|Any CPU
		{43026D51-3083-4850-928D-07E1883D5B1A}.Debug|Any CPU.Build.0 = Debug|Any CPU
		{43026D51-3083-4850-928D-07E1883D5B1A}.Release|Any CPU.ActiveCfg = Release|Any CPU
		{43026D51-3083-4850-928D-07E1883D5B1A}.Release|Any CPU.Build.0 = Release|Any CPU
		{DA0D2A70-A2F9-4654-A99A-3227EDF54FF1}.Debug|Any CPU.ActiveCfg = Debug|Any CPU
		{DA0D2A70-A2F9-4654-A99A-3227EDF54FF1}.Debug|Any CPU.Build.0 = Debug|Any CPU
		{DA0D2A70-A2F9-4654-A99A-3227EDF54FF1}.Release|Any CPU.ActiveCfg = Release|Any CPU
		{DA0D2A70-A2F9-4654-A99A-3227EDF54FF1}.Release|Any CPU.Build.0 = Release|Any CPU
		{59AD474E-2A35-4E8A-A74D-E33479977FBF}.Debug|Any CPU.ActiveCfg = Debug|Any CPU
		{59AD474E-2A35-4E8A-A74D-E33479977FBF}.Debug|Any CPU.Build.0 = Debug|Any CPU
		{59AD474E-2A35-4E8A-A74D-E33479977FBF}.Release|Any CPU.ActiveCfg = Release|Any CPU
		{59AD474E-2A35-4E8A-A74D-E33479977FBF}.Release|Any CPU.Build.0 = Release|Any CPU
		{7AD4FE65-9A30-41A6-8004-AA8F89BCB7F3}.Debug|Any CPU.ActiveCfg = Debug|Any CPU
		{7AD4FE65-9A30-41A6-8004-AA8F89BCB7F3}.Debug|Any CPU.Build.0 = Debug|Any CPU
		{7AD4FE65-9A30-41A6-8004-AA8F89BCB7F3}.Release|Any CPU.ActiveCfg = Release|Any CPU
		{7AD4FE65-9A30-41A6-8004-AA8F89BCB7F3}.Release|Any CPU.Build.0 = Release|Any CPU
		{9C0660D9-48CA-40E1-BABA-8F6A1F11FE10}.Debug|Any CPU.ActiveCfg = Debug|Any CPU
		{9C0660D9-48CA-40E1-BABA-8F6A1F11FE10}.Debug|Any CPU.Build.0 = Debug|Any CPU
		{9C0660D9-48CA-40E1-BABA-8F6A1F11FE10}.Release|Any CPU.ActiveCfg = Release|Any CPU
		{9C0660D9-48CA-40E1-BABA-8F6A1F11FE10}.Release|Any CPU.Build.0 = Release|Any CPU
		{F040CEC5-5E11-4DBD-9F6A-250478E28177}.Debug|Any CPU.ActiveCfg = Debug|Any CPU
		{F040CEC5-5E11-4DBD-9F6A-250478E28177}.Debug|Any CPU.Build.0 = Debug|Any CPU
		{F040CEC5-5E11-4DBD-9F6A-250478E28177}.Release|Any CPU.ActiveCfg = Release|Any CPU
		{F040CEC5-5E11-4DBD-9F6A-250478E28177}.Release|Any CPU.Build.0 = Release|Any CPU
		{2D36C343-BB6A-4CB5-902B-E2145ACCB58F}.Debug|Any CPU.ActiveCfg = Debug|Any CPU
		{2D36C343-BB6A-4CB5-902B-E2145ACCB58F}.Debug|Any CPU.Build.0 = Debug|Any CPU
		{2D36C343-BB6A-4CB5-902B-E2145ACCB58F}.Release|Any CPU.ActiveCfg = Release|Any CPU
		{2D36C343-BB6A-4CB5-902B-E2145ACCB58F}.Release|Any CPU.Build.0 = Release|Any CPU
		{FC2AE90B-2E4B-4045-9FDD-73D4F5ED6C89}.Debug|Any CPU.ActiveCfg = Debug|Any CPU
		{FC2AE90B-2E4B-4045-9FDD-73D4F5ED6C89}.Debug|Any CPU.Build.0 = Debug|Any CPU
		{FC2AE90B-2E4B-4045-9FDD-73D4F5ED6C89}.Release|Any CPU.ActiveCfg = Release|Any CPU
		{FC2AE90B-2E4B-4045-9FDD-73D4F5ED6C89}.Release|Any CPU.Build.0 = Release|Any CPU
		{49E7C367-181B-499C-AC2E-8E17C81418D6}.Debug|Any CPU.ActiveCfg = Debug|Any CPU
		{49E7C367-181B-499C-AC2E-8E17C81418D6}.Debug|Any CPU.Build.0 = Debug|Any CPU
		{49E7C367-181B-499C-AC2E-8E17C81418D6}.Release|Any CPU.ActiveCfg = Release|Any CPU
		{49E7C367-181B-499C-AC2E-8E17C81418D6}.Release|Any CPU.Build.0 = Release|Any CPU
		{9860FCF7-3111-4C12-A16F-ACEBA42D930F}.Debug|Any CPU.ActiveCfg = Debug|Any CPU
		{9860FCF7-3111-4C12-A16F-ACEBA42D930F}.Debug|Any CPU.Build.0 = Debug|Any CPU
		{9860FCF7-3111-4C12-A16F-ACEBA42D930F}.Release|Any CPU.ActiveCfg = Release|Any CPU
		{9860FCF7-3111-4C12-A16F-ACEBA42D930F}.Release|Any CPU.Build.0 = Release|Any CPU
		{9102ECF3-5CD1-4107-B8B7-F3795A52D790}.Debug|Any CPU.ActiveCfg = Debug|Any CPU
		{9102ECF3-5CD1-4107-B8B7-F3795A52D790}.Debug|Any CPU.Build.0 = Debug|Any CPU
		{9102ECF3-5CD1-4107-B8B7-F3795A52D790}.Release|Any CPU.ActiveCfg = Release|Any CPU
		{9102ECF3-5CD1-4107-B8B7-F3795A52D790}.Release|Any CPU.Build.0 = Release|Any CPU
		{50CF5D8F-F82F-4210-A06E-37CC9BFFDD49}.Debug|Any CPU.ActiveCfg = Debug|Any CPU
		{50CF5D8F-F82F-4210-A06E-37CC9BFFDD49}.Debug|Any CPU.Build.0 = Debug|Any CPU
		{50CF5D8F-F82F-4210-A06E-37CC9BFFDD49}.Release|Any CPU.ActiveCfg = Release|Any CPU
		{50CF5D8F-F82F-4210-A06E-37CC9BFFDD49}.Release|Any CPU.Build.0 = Release|Any CPU
		{CFA94A39-4805-456D-A369-FC35CCC170E9}.Debug|Any CPU.ActiveCfg = Debug|Any CPU
		{CFA94A39-4805-456D-A369-FC35CCC170E9}.Debug|Any CPU.Build.0 = Debug|Any CPU
		{CFA94A39-4805-456D-A369-FC35CCC170E9}.Release|Any CPU.ActiveCfg = Release|Any CPU
		{CFA94A39-4805-456D-A369-FC35CCC170E9}.Release|Any CPU.Build.0 = Release|Any CPU
		{B9843F65-262E-4F40-A0BC-2CBEF7563A44}.Debug|Any CPU.ActiveCfg = Debug|Any CPU
		{B9843F65-262E-4F40-A0BC-2CBEF7563A44}.Debug|Any CPU.Build.0 = Debug|Any CPU
		{B9843F65-262E-4F40-A0BC-2CBEF7563A44}.Release|Any CPU.ActiveCfg = Release|Any CPU
		{B9843F65-262E-4F40-A0BC-2CBEF7563A44}.Release|Any CPU.Build.0 = Release|Any CPU
		{A74C7D2E-92FA-490A-B80A-28BEF56B56FC}.Debug|Any CPU.ActiveCfg = Debug|Any CPU
		{A74C7D2E-92FA-490A-B80A-28BEF56B56FC}.Debug|Any CPU.Build.0 = Debug|Any CPU
		{A74C7D2E-92FA-490A-B80A-28BEF56B56FC}.Release|Any CPU.ActiveCfg = Release|Any CPU
		{A74C7D2E-92FA-490A-B80A-28BEF56B56FC}.Release|Any CPU.Build.0 = Release|Any CPU
		{D55FB2BD-CC9E-454B-9654-94AF5D910BF7}.Debug|Any CPU.ActiveCfg = Debug|Any CPU
		{D55FB2BD-CC9E-454B-9654-94AF5D910BF7}.Debug|Any CPU.Build.0 = Debug|Any CPU
		{D55FB2BD-CC9E-454B-9654-94AF5D910BF7}.Release|Any CPU.ActiveCfg = Release|Any CPU
		{D55FB2BD-CC9E-454B-9654-94AF5D910BF7}.Release|Any CPU.Build.0 = Release|Any CPU
	EndGlobalSection
	GlobalSection(SolutionProperties) = preSolution
		HideSolutionNode = FALSE
	EndGlobalSection
	GlobalSection(NestedProjects) = preSolution
		{A41D1B99-F489-4C43-BBDF-96D61B19A6B9} = {3F40F71B-7DCF-44A1-B15C-38CA34824143}
		{32A48625-F0AD-419D-828B-A50BDABA38EA} = {3F40F71B-7DCF-44A1-B15C-38CA34824143}
		{7E907718-0B33-45C8-851F-396CEFDC1AB6} = {3F40F71B-7DCF-44A1-B15C-38CA34824143}
		{DD13507E-D5AF-4B61-B11A-D55D6F4A73A5} = {CAD2965A-19AB-489F-BE2E-7649957F914A}
		{A4C99B85-765C-4C65-9C2A-BB609AAB09E6} = {A41D1B99-F489-4C43-BBDF-96D61B19A6B9}
		{1EE8CAD3-55F9-4D91-96B2-084641DA9A6C} = {A41D1B99-F489-4C43-BBDF-96D61B19A6B9}
		{9508F118-F62E-4C16-A6F4-7C3B56E166AD} = {7E907718-0B33-45C8-851F-396CEFDC1AB6}
		{4B45CA0C-03A0-400F-B454-3D4BCB16AF38} = {32A48625-F0AD-419D-828B-A50BDABA38EA}
		{B501A547-C911-4A05-AC6E-274A50DFF30E} = {32A48625-F0AD-419D-828B-A50BDABA38EA}
		{50D26304-0961-4A51-ABF6-6CAD1A56D203} = {32A48625-F0AD-419D-828B-A50BDABA38EA}
		{4462B57A-7245-4146-B504-D46FDE762948} = {32A48625-F0AD-419D-828B-A50BDABA38EA}
		{1AF3672A-C5F1-4604-B6AB-D98C4DE9C3B1} = {32A48625-F0AD-419D-828B-A50BDABA38EA}
		{B2C33A93-DB30-4099-903E-77D75C4C3F45} = {32A48625-F0AD-419D-828B-A50BDABA38EA}
		{28026D16-EB0C-40B0-BDA7-11CAA2B97CCC} = {32A48625-F0AD-419D-828B-A50BDABA38EA}
		{50D26304-0961-4A51-ABF6-6CAD1A56D202} = {32A48625-F0AD-419D-828B-A50BDABA38EA}
		{7FE6B002-89D8-4298-9B1B-0B5C247DD1FD} = {A41D1B99-F489-4C43-BBDF-96D61B19A6B9}
		{4371944A-D3BA-4B5B-8285-82E5FFC6D1F9} = {32A48625-F0AD-419D-828B-A50BDABA38EA}
		{AFDE6BEA-5038-4A4A-A88E-DBD2E4088EED} = {A41D1B99-F489-4C43-BBDF-96D61B19A6B9}
		{02459936-CD2C-4F61-B671-5C518F2A3DDC} = {FD0FAF5F-1DED-485C-99FA-84B97F3A8EEC}
		{288089C5-8721-458E-BE3E-78990DAB5E2E} = {FD0FAF5F-1DED-485C-99FA-84B97F3A8EEC}
		{288089C5-8721-458E-BE3E-78990DAB5E2D} = {FD0FAF5F-1DED-485C-99FA-84B97F3A8EEC}
		{1A3941F1-1E1F-4EF7-8064-7729C4C2E2AA} = {FD0FAF5F-1DED-485C-99FA-84B97F3A8EEC}
		{D0BC9BE7-24F6-40CA-8DC6-FCB93BD44B34} = {A41D1B99-F489-4C43-BBDF-96D61B19A6B9}
		{FCFA8808-A1B6-48CC-A1EA-0B8CA8AEDA8E} = {32A48625-F0AD-419D-828B-A50BDABA38EA}
		{1DFEA9C5-973C-4179-9B1B-0F32288E1EF2} = {A41D1B99-F489-4C43-BBDF-96D61B19A6B9}
		{CCBD3438-3E84-40A9-83AD-533F23BCFCA5} = {CAD2965A-19AB-489F-BE2E-7649957F914A}
		{54E08BF5-F819-404F-A18D-0AB9EA81EA04} = {32A48625-F0AD-419D-828B-A50BDABA38EA}
		{AD6F474E-E6D4-4217-91F3-B7AF1BE31CCC} = {A41D1B99-F489-4C43-BBDF-96D61B19A6B9}
		{43026D51-3083-4850-928D-07E1883D5B1A} = {C52D8057-43AF-40E6-A01B-6CDBB7301985}
		{DA0D2A70-A2F9-4654-A99A-3227EDF54FF1} = {DD13507E-D5AF-4B61-B11A-D55D6F4A73A5}
		{59AD474E-2A35-4E8A-A74D-E33479977FBF} = {DD13507E-D5AF-4B61-B11A-D55D6F4A73A5}
		{D73ADF7D-2C1C-42AE-B2AB-EDC9497E4B71} = {C2D1346B-9665-4150-B644-075CF1636BAA}
		{C1930979-C824-496B-A630-70F5369A636F} = {C2D1346B-9665-4150-B644-075CF1636BAA}
		{7AD4FE65-9A30-41A6-8004-AA8F89BCB7F3} = {A41D1B99-F489-4C43-BBDF-96D61B19A6B9}
		{9C0660D9-48CA-40E1-BABA-8F6A1F11FE10} = {FD0FAF5F-1DED-485C-99FA-84B97F3A8EEC}
		{F040CEC5-5E11-4DBD-9F6A-250478E28177} = {DD13507E-D5AF-4B61-B11A-D55D6F4A73A5}
		{2D36C343-BB6A-4CB5-902B-E2145ACCB58F} = {FD0FAF5F-1DED-485C-99FA-84B97F3A8EEC}
		{FC2AE90B-2E4B-4045-9FDD-73D4F5ED6C89} = {C2D1346B-9665-4150-B644-075CF1636BAA}
		{49E7C367-181B-499C-AC2E-8E17C81418D6} = {C2D1346B-9665-4150-B644-075CF1636BAA}
		{9860FCF7-3111-4C12-A16F-ACEBA42D930F} = {FD0FAF5F-1DED-485C-99FA-84B97F3A8EEC}
		{9102ECF3-5CD1-4107-B8B7-F3795A52D790} = {C52D8057-43AF-40E6-A01B-6CDBB7301985}
		{50CF5D8F-F82F-4210-A06E-37CC9BFFDD49} = {C52D8057-43AF-40E6-A01B-6CDBB7301985}
		{CFA94A39-4805-456D-A369-FC35CCC170E9} = {C52D8057-43AF-40E6-A01B-6CDBB7301985}
		{C52D8057-43AF-40E6-A01B-6CDBB7301985} = {3F40F71B-7DCF-44A1-B15C-38CA34824143}
		{B9843F65-262E-4F40-A0BC-2CBEF7563A44} = {C52D8057-43AF-40E6-A01B-6CDBB7301985}
		{A74C7D2E-92FA-490A-B80A-28BEF56B56FC} = {C52D8057-43AF-40E6-A01B-6CDBB7301985}
		{D55FB2BD-CC9E-454B-9654-94AF5D910BF7} = {FD0FAF5F-1DED-485C-99FA-84B97F3A8EEC}
	EndGlobalSection
	GlobalSection(ExtensibilityGlobals) = postSolution
		SolutionGuid = {604E6B91-7BC0-4126-AE07-D4D2FEFC3D29}
	EndGlobalSection
EndGlobal
